// !$*UTF8*$!
{
	archiveVersion = 1;
	classes = {
	};
	objectVersion = 48;
	objects = {

/* Begin PBXBuildFile section */
		23EDCB6DA23977324B0EE0B8 /* Pods_SwiftRepositoriesTests.framework in Frameworks */ = {isa = PBXBuildFile; fileRef = 686E9D724FE48536505670D6 /* Pods_SwiftRepositoriesTests.framework */; };
		408E7F1250EBF6C8409D6898 /* Pods_SwiftRepositories.framework in Frameworks */ = {isa = PBXBuildFile; fileRef = 260BFB5B4689751F7D318AB1 /* Pods_SwiftRepositories.framework */; };
		D53E0CDC2047AAF400DC8759 /* AppDelegate.swift in Sources */ = {isa = PBXBuildFile; fileRef = D53E0CDB2047AAF400DC8759 /* AppDelegate.swift */; };
		D53E0CE12047AAF400DC8759 /* Main.storyboard in Resources */ = {isa = PBXBuildFile; fileRef = D53E0CDF2047AAF400DC8759 /* Main.storyboard */; };
		D53E0CE62047AAF400DC8759 /* Assets.xcassets in Resources */ = {isa = PBXBuildFile; fileRef = D53E0CE52047AAF400DC8759 /* Assets.xcassets */; };
		D53E0CE92047AAF400DC8759 /* LaunchScreen.storyboard in Resources */ = {isa = PBXBuildFile; fileRef = D53E0CE72047AAF400DC8759 /* LaunchScreen.storyboard */; };
		D53E0CF42047AAF600DC8759 /* SwiftRepositoriesTests.swift in Sources */ = {isa = PBXBuildFile; fileRef = D53E0CF32047AAF600DC8759 /* SwiftRepositoriesTests.swift */; };
		D53E0D002047B77400DC8759 /* HTTPNetworking.swift in Sources */ = {isa = PBXBuildFile; fileRef = D53E0CFF2047B77400DC8759 /* HTTPNetworking.swift */; };
		D53E0D032047B98E00DC8759 /* Constants.swift in Sources */ = {isa = PBXBuildFile; fileRef = D53E0D022047B98E00DC8759 /* Constants.swift */; };
		D53E0D052047BC9F00DC8759 /* Reachability.swift in Sources */ = {isa = PBXBuildFile; fileRef = D53E0D042047BC9F00DC8759 /* Reachability.swift */; };
		D53E0D072047BE8000DC8759 /* RefreshControl.swift in Sources */ = {isa = PBXBuildFile; fileRef = D53E0D062047BE8000DC8759 /* RefreshControl.swift */; };
		D53E0D092047BF3500DC8759 /* AnimatedTransitioningController.swift in Sources */ = {isa = PBXBuildFile; fileRef = D53E0D082047BF3500DC8759 /* AnimatedTransitioningController.swift */; };
		D53E0D0F2047C87600DC8759 /* RepositoriesViewController.swift in Sources */ = {isa = PBXBuildFile; fileRef = D53E0D0E2047C87600DC8759 /* RepositoriesViewController.swift */; };
		D53E0D112047C88C00DC8759 /* PullRequestsViewController.swift in Sources */ = {isa = PBXBuildFile; fileRef = D53E0D102047C88C00DC8759 /* PullRequestsViewController.swift */; };
		D53E0D132047C90000DC8759 /* WebViewController.swift in Sources */ = {isa = PBXBuildFile; fileRef = D53E0D122047C90000DC8759 /* WebViewController.swift */; };
		D53E0D162047D39D00DC8759 /* UINavigationController.swift in Sources */ = {isa = PBXBuildFile; fileRef = D53E0D152047D39D00DC8759 /* UINavigationController.swift */; };
		D53E0D64204A769F00DC8759 /* CustomGridFlowLayout.swift in Sources */ = {isa = PBXBuildFile; fileRef = D53E0D63204A769F00DC8759 /* CustomGridFlowLayout.swift */; };
		D53E0D66204A773F00DC8759 /* FavoritesViewController.swift in Sources */ = {isa = PBXBuildFile; fileRef = D53E0D65204A773F00DC8759 /* FavoritesViewController.swift */; };
		D53E0D68204A77CD00DC8759 /* Repository.swift in Sources */ = {isa = PBXBuildFile; fileRef = D53E0D67204A77CD00DC8759 /* Repository.swift */; };
		D53E0D6A204A792000DC8759 /* RepositoriesViewModel.swift in Sources */ = {isa = PBXBuildFile; fileRef = D53E0D69204A792000DC8759 /* RepositoriesViewModel.swift */; };
		D53E0D6C204A7C1200DC8759 /* BaseViewController.swift in Sources */ = {isa = PBXBuildFile; fileRef = D53E0D6B204A7C1200DC8759 /* BaseViewController.swift */; };
		D53E0D6E204A7D1800DC8759 /* RepositoryCollectionViewCell.swift in Sources */ = {isa = PBXBuildFile; fileRef = D53E0D6D204A7D1800DC8759 /* RepositoryCollectionViewCell.swift */; };
		D53E0D70204B45BF00DC8759 /* UIImage.swift in Sources */ = {isa = PBXBuildFile; fileRef = D53E0D6F204B45BF00DC8759 /* UIImage.swift */; };
		D53E0D72204B8AC200DC8759 /* UITabBarController.swift in Sources */ = {isa = PBXBuildFile; fileRef = D53E0D71204B8AC200DC8759 /* UITabBarController.swift */; };
/* End PBXBuildFile section */

/* Begin PBXContainerItemProxy section */
		D53E0CF02047AAF500DC8759 /* PBXContainerItemProxy */ = {
			isa = PBXContainerItemProxy;
			containerPortal = D53E0CD02047AAF400DC8759 /* Project object */;
			proxyType = 1;
			remoteGlobalIDString = D53E0CD72047AAF400DC8759;
			remoteInfo = SwiftRepositories;
		};
/* End PBXContainerItemProxy section */

/* Begin PBXFileReference section */
		1DF2E9113EFB7F602A533CFB /* Pods-SwiftRepositoriesTests.debug.xcconfig */ = {isa = PBXFileReference; includeInIndex = 1; lastKnownFileType = text.xcconfig; name = "Pods-SwiftRepositoriesTests.debug.xcconfig"; path = "Pods/Target Support Files/Pods-SwiftRepositoriesTests/Pods-SwiftRepositoriesTests.debug.xcconfig"; sourceTree = "<group>"; };
		260BFB5B4689751F7D318AB1 /* Pods_SwiftRepositories.framework */ = {isa = PBXFileReference; explicitFileType = wrapper.framework; includeInIndex = 0; path = Pods_SwiftRepositories.framework; sourceTree = BUILT_PRODUCTS_DIR; };
		384C75D1A8F0343D3E7CE5BB /* Pods-SwiftRepositories.release.xcconfig */ = {isa = PBXFileReference; includeInIndex = 1; lastKnownFileType = text.xcconfig; name = "Pods-SwiftRepositories.release.xcconfig"; path = "Pods/Target Support Files/Pods-SwiftRepositories/Pods-SwiftRepositories.release.xcconfig"; sourceTree = "<group>"; };
		686E9D724FE48536505670D6 /* Pods_SwiftRepositoriesTests.framework */ = {isa = PBXFileReference; explicitFileType = wrapper.framework; includeInIndex = 0; path = Pods_SwiftRepositoriesTests.framework; sourceTree = BUILT_PRODUCTS_DIR; };
		6DABD23873B37EE539497750 /* Pods-SwiftRepositories.debug.xcconfig */ = {isa = PBXFileReference; includeInIndex = 1; lastKnownFileType = text.xcconfig; name = "Pods-SwiftRepositories.debug.xcconfig"; path = "Pods/Target Support Files/Pods-SwiftRepositories/Pods-SwiftRepositories.debug.xcconfig"; sourceTree = "<group>"; };
		8BF72373E8AFDD18BB1D4605 /* Pods-SwiftRepositoriesTests.release.xcconfig */ = {isa = PBXFileReference; includeInIndex = 1; lastKnownFileType = text.xcconfig; name = "Pods-SwiftRepositoriesTests.release.xcconfig"; path = "Pods/Target Support Files/Pods-SwiftRepositoriesTests/Pods-SwiftRepositoriesTests.release.xcconfig"; sourceTree = "<group>"; };
		D53E0CD82047AAF400DC8759 /* SwiftRepositories.app */ = {isa = PBXFileReference; explicitFileType = wrapper.application; includeInIndex = 0; path = SwiftRepositories.app; sourceTree = BUILT_PRODUCTS_DIR; };
		D53E0CDB2047AAF400DC8759 /* AppDelegate.swift */ = {isa = PBXFileReference; lastKnownFileType = sourcecode.swift; path = AppDelegate.swift; sourceTree = "<group>"; };
		D53E0CE02047AAF400DC8759 /* Base */ = {isa = PBXFileReference; lastKnownFileType = file.storyboard; name = Base; path = Base.lproj/Main.storyboard; sourceTree = "<group>"; };
		D53E0CE52047AAF400DC8759 /* Assets.xcassets */ = {isa = PBXFileReference; lastKnownFileType = folder.assetcatalog; path = Assets.xcassets; sourceTree = "<group>"; };
		D53E0CE82047AAF400DC8759 /* Base */ = {isa = PBXFileReference; lastKnownFileType = file.storyboard; name = Base; path = Base.lproj/LaunchScreen.storyboard; sourceTree = "<group>"; };
		D53E0CEA2047AAF400DC8759 /* Info.plist */ = {isa = PBXFileReference; lastKnownFileType = text.plist.xml; path = Info.plist; sourceTree = "<group>"; };
		D53E0CEF2047AAF500DC8759 /* SwiftRepositoriesTests.xctest */ = {isa = PBXFileReference; explicitFileType = wrapper.cfbundle; includeInIndex = 0; path = SwiftRepositoriesTests.xctest; sourceTree = BUILT_PRODUCTS_DIR; };
		D53E0CF32047AAF600DC8759 /* SwiftRepositoriesTests.swift */ = {isa = PBXFileReference; lastKnownFileType = sourcecode.swift; path = SwiftRepositoriesTests.swift; sourceTree = "<group>"; };
		D53E0CF52047AAF600DC8759 /* Info.plist */ = {isa = PBXFileReference; lastKnownFileType = text.plist.xml; path = Info.plist; sourceTree = "<group>"; };
		D53E0CFF2047B77400DC8759 /* HTTPNetworking.swift */ = {isa = PBXFileReference; lastKnownFileType = sourcecode.swift; path = HTTPNetworking.swift; sourceTree = "<group>"; };
		D53E0D022047B98E00DC8759 /* Constants.swift */ = {isa = PBXFileReference; lastKnownFileType = sourcecode.swift; path = Constants.swift; sourceTree = "<group>"; };
		D53E0D042047BC9F00DC8759 /* Reachability.swift */ = {isa = PBXFileReference; lastKnownFileType = sourcecode.swift; path = Reachability.swift; sourceTree = "<group>"; };
		D53E0D062047BE8000DC8759 /* RefreshControl.swift */ = {isa = PBXFileReference; lastKnownFileType = sourcecode.swift; path = RefreshControl.swift; sourceTree = "<group>"; };
		D53E0D082047BF3500DC8759 /* AnimatedTransitioningController.swift */ = {isa = PBXFileReference; lastKnownFileType = sourcecode.swift; path = AnimatedTransitioningController.swift; sourceTree = "<group>"; };
		D53E0D0E2047C87600DC8759 /* RepositoriesViewController.swift */ = {isa = PBXFileReference; lastKnownFileType = sourcecode.swift; path = RepositoriesViewController.swift; sourceTree = "<group>"; };
		D53E0D102047C88C00DC8759 /* PullRequestsViewController.swift */ = {isa = PBXFileReference; lastKnownFileType = sourcecode.swift; path = PullRequestsViewController.swift; sourceTree = "<group>"; };
		D53E0D122047C90000DC8759 /* WebViewController.swift */ = {isa = PBXFileReference; lastKnownFileType = sourcecode.swift; path = WebViewController.swift; sourceTree = "<group>"; };
		D53E0D152047D39D00DC8759 /* UINavigationController.swift */ = {isa = PBXFileReference; lastKnownFileType = sourcecode.swift; path = UINavigationController.swift; sourceTree = "<group>"; };
		D53E0D63204A769F00DC8759 /* CustomGridFlowLayout.swift */ = {isa = PBXFileReference; lastKnownFileType = sourcecode.swift; path = CustomGridFlowLayout.swift; sourceTree = "<group>"; };
		D53E0D65204A773F00DC8759 /* FavoritesViewController.swift */ = {isa = PBXFileReference; lastKnownFileType = sourcecode.swift; path = FavoritesViewController.swift; sourceTree = "<group>"; };
		D53E0D67204A77CD00DC8759 /* Repository.swift */ = {isa = PBXFileReference; lastKnownFileType = sourcecode.swift; path = Repository.swift; sourceTree = "<group>"; };
		D53E0D69204A792000DC8759 /* RepositoriesViewModel.swift */ = {isa = PBXFileReference; lastKnownFileType = sourcecode.swift; path = RepositoriesViewModel.swift; sourceTree = "<group>"; };
		D53E0D6B204A7C1200DC8759 /* BaseViewController.swift */ = {isa = PBXFileReference; lastKnownFileType = sourcecode.swift; path = BaseViewController.swift; sourceTree = "<group>"; };
		D53E0D6D204A7D1800DC8759 /* RepositoryCollectionViewCell.swift */ = {isa = PBXFileReference; lastKnownFileType = sourcecode.swift; path = RepositoryCollectionViewCell.swift; sourceTree = "<group>"; };
		D53E0D6F204B45BF00DC8759 /* UIImage.swift */ = {isa = PBXFileReference; lastKnownFileType = sourcecode.swift; path = UIImage.swift; sourceTree = "<group>"; };
		D53E0D71204B8AC200DC8759 /* UITabBarController.swift */ = {isa = PBXFileReference; lastKnownFileType = sourcecode.swift; path = UITabBarController.swift; sourceTree = "<group>"; };
/* End PBXFileReference section */

/* Begin PBXFrameworksBuildPhase section */
		D53E0CD52047AAF400DC8759 /* Frameworks */ = {
			isa = PBXFrameworksBuildPhase;
			buildActionMask = 2147483647;
			files = (
				408E7F1250EBF6C8409D6898 /* Pods_SwiftRepositories.framework in Frameworks */,
			);
			runOnlyForDeploymentPostprocessing = 0;
		};
		D53E0CEC2047AAF500DC8759 /* Frameworks */ = {
			isa = PBXFrameworksBuildPhase;
			buildActionMask = 2147483647;
			files = (
				23EDCB6DA23977324B0EE0B8 /* Pods_SwiftRepositoriesTests.framework in Frameworks */,
			);
			runOnlyForDeploymentPostprocessing = 0;
		};
/* End PBXFrameworksBuildPhase section */

/* Begin PBXGroup section */
		04A882362C7C169382755CCD /* Frameworks */ = {
			isa = PBXGroup;
			children = (
				260BFB5B4689751F7D318AB1 /* Pods_SwiftRepositories.framework */,
				686E9D724FE48536505670D6 /* Pods_SwiftRepositoriesTests.framework */,
			);
			name = Frameworks;
			sourceTree = "<group>";
		};
		14998109946A9D9CC59B3AA1 /* Pods */ = {
			isa = PBXGroup;
			children = (
				6DABD23873B37EE539497750 /* Pods-SwiftRepositories.debug.xcconfig */,
				384C75D1A8F0343D3E7CE5BB /* Pods-SwiftRepositories.release.xcconfig */,
				1DF2E9113EFB7F602A533CFB /* Pods-SwiftRepositoriesTests.debug.xcconfig */,
				8BF72373E8AFDD18BB1D4605 /* Pods-SwiftRepositoriesTests.release.xcconfig */,
			);
			name = Pods;
			sourceTree = "<group>";
		};
		D53E0CCF2047AAF400DC8759 = {
			isa = PBXGroup;
			children = (
				D53E0CDA2047AAF400DC8759 /* SwiftRepositories */,
				D53E0CF22047AAF600DC8759 /* SwiftRepositoriesTests */,
				D53E0CD92047AAF400DC8759 /* Products */,
				14998109946A9D9CC59B3AA1 /* Pods */,
				04A882362C7C169382755CCD /* Frameworks */,
			);
			sourceTree = "<group>";
		};
		D53E0CD92047AAF400DC8759 /* Products */ = {
			isa = PBXGroup;
			children = (
				D53E0CD82047AAF400DC8759 /* SwiftRepositories.app */,
				D53E0CEF2047AAF500DC8759 /* SwiftRepositoriesTests.xctest */,
			);
			name = Products;
			sourceTree = "<group>";
		};
		D53E0CDA2047AAF400DC8759 /* SwiftRepositories */ = {
			isa = PBXGroup;
			children = (
				D53E0D0B2047C82800DC8759 /* Controllers */,
				D53E0D0C2047C82D00DC8759 /* Views */,
				D53E0D0D2047C83600DC8759 /* ViewModels */,
				D53E0D0A2047C82200DC8759 /* Models */,
				D53E0CFE2047B6C200DC8759 /* API */,
				D53E0D012047B96400DC8759 /* Global */,
				D53E0D142047D30000DC8759 /* Extensions */,
				D53E0CDB2047AAF400DC8759 /* AppDelegate.swift */,
				D53E0CDF2047AAF400DC8759 /* Main.storyboard */,
				D53E0CE52047AAF400DC8759 /* Assets.xcassets */,
				D53E0CE72047AAF400DC8759 /* LaunchScreen.storyboard */,
				D53E0CEA2047AAF400DC8759 /* Info.plist */,
			);
			path = SwiftRepositories;
			sourceTree = "<group>";
		};
		D53E0CF22047AAF600DC8759 /* SwiftRepositoriesTests */ = {
			isa = PBXGroup;
			children = (
				D53E0CF32047AAF600DC8759 /* SwiftRepositoriesTests.swift */,
				D53E0CF52047AAF600DC8759 /* Info.plist */,
			);
			path = SwiftRepositoriesTests;
			sourceTree = "<group>";
		};
		D53E0CFE2047B6C200DC8759 /* API */ = {
			isa = PBXGroup;
			children = (
				D53E0CFF2047B77400DC8759 /* HTTPNetworking.swift */,
			);
			path = API;
			sourceTree = "<group>";
		};
		D53E0D012047B96400DC8759 /* Global */ = {
			isa = PBXGroup;
			children = (
				D53E0D022047B98E00DC8759 /* Constants.swift */,
				D53E0D042047BC9F00DC8759 /* Reachability.swift */,
				D53E0D062047BE8000DC8759 /* RefreshControl.swift */,
				D53E0D082047BF3500DC8759 /* AnimatedTransitioningController.swift */,
				D53E0D63204A769F00DC8759 /* CustomGridFlowLayout.swift */,
			);
			path = Global;
			sourceTree = "<group>";
		};
		D53E0D0A2047C82200DC8759 /* Models */ = {
			isa = PBXGroup;
			children = (
				D53E0D67204A77CD00DC8759 /* Repository.swift */,
			);
			path = Models;
			sourceTree = "<group>";
		};
		D53E0D0B2047C82800DC8759 /* Controllers */ = {
			isa = PBXGroup;
			children = (
				D53E0D0E2047C87600DC8759 /* RepositoriesViewController.swift */,
				D53E0D65204A773F00DC8759 /* FavoritesViewController.swift */,
				D53E0D102047C88C00DC8759 /* PullRequestsViewController.swift */,
				D53E0D122047C90000DC8759 /* WebViewController.swift */,
				D53E0D6B204A7C1200DC8759 /* BaseViewController.swift */,
			);
			path = Controllers;
			sourceTree = "<group>";
		};
		D53E0D0C2047C82D00DC8759 /* Views */ = {
			isa = PBXGroup;
			children = (
				D53E0D6D204A7D1800DC8759 /* RepositoryCollectionViewCell.swift */,
			);
			path = Views;
			sourceTree = "<group>";
		};
		D53E0D0D2047C83600DC8759 /* ViewModels */ = {
			isa = PBXGroup;
			children = (
				D53E0D69204A792000DC8759 /* RepositoriesViewModel.swift */,
			);
			path = ViewModels;
			sourceTree = "<group>";
		};
		D53E0D142047D30000DC8759 /* Extensions */ = {
			isa = PBXGroup;
			children = (
				D53E0D152047D39D00DC8759 /* UINavigationController.swift */,
				D53E0D71204B8AC200DC8759 /* UITabBarController.swift */,
				D53E0D6F204B45BF00DC8759 /* UIImage.swift */,
			);
			path = Extensions;
			sourceTree = "<group>";
		};
/* End PBXGroup section */

/* Begin PBXNativeTarget section */
		D53E0CD72047AAF400DC8759 /* SwiftRepositories */ = {
			isa = PBXNativeTarget;
			buildConfigurationList = D53E0CF82047AAF600DC8759 /* Build configuration list for PBXNativeTarget "SwiftRepositories" */;
			buildPhases = (
				88EC2AA1D9A77CBC73161B89 /* [CP] Check Pods Manifest.lock */,
				D53E0CD42047AAF400DC8759 /* Sources */,
				D53E0CD52047AAF400DC8759 /* Frameworks */,
				D53E0CD62047AAF400DC8759 /* Resources */,
				54EC1639371E6DEC7A9D5316 /* [CP] Embed Pods Frameworks */,
				7A5A24AFA8F481125F89DF81 /* [CP] Copy Pods Resources */,
			);
			buildRules = (
			);
			dependencies = (
			);
			name = SwiftRepositories;
			productName = SwiftRepositories;
			productReference = D53E0CD82047AAF400DC8759 /* SwiftRepositories.app */;
			productType = "com.apple.product-type.application";
		};
		D53E0CEE2047AAF500DC8759 /* SwiftRepositoriesTests */ = {
			isa = PBXNativeTarget;
			buildConfigurationList = D53E0CFB2047AAF600DC8759 /* Build configuration list for PBXNativeTarget "SwiftRepositoriesTests" */;
			buildPhases = (
				AD8C9E63A24AD847ACBD947B /* [CP] Check Pods Manifest.lock */,
				D53E0CEB2047AAF500DC8759 /* Sources */,
				D53E0CEC2047AAF500DC8759 /* Frameworks */,
				D53E0CED2047AAF500DC8759 /* Resources */,
				24E5C282C615572CFF7A88E9 /* [CP] Embed Pods Frameworks */,
				F64E2E594716D6E26D126289 /* [CP] Copy Pods Resources */,
			);
			buildRules = (
			);
			dependencies = (
				D53E0CF12047AAF500DC8759 /* PBXTargetDependency */,
			);
			name = SwiftRepositoriesTests;
			productName = SwiftRepositoriesTests;
			productReference = D53E0CEF2047AAF500DC8759 /* SwiftRepositoriesTests.xctest */;
			productType = "com.apple.product-type.bundle.unit-test";
		};
/* End PBXNativeTarget section */

/* Begin PBXProject section */
		D53E0CD02047AAF400DC8759 /* Project object */ = {
			isa = PBXProject;
			attributes = {
				LastSwiftUpdateCheck = 0920;
				LastUpgradeCheck = 0920;
				ORGANIZATIONNAME = "Felipe Lefèvre Marino";
				TargetAttributes = {
					D53E0CD72047AAF400DC8759 = {
						CreatedOnToolsVersion = 9.2;
						ProvisioningStyle = Automatic;
					};
					D53E0CEE2047AAF500DC8759 = {
						CreatedOnToolsVersion = 9.2;
						ProvisioningStyle = Automatic;
						TestTargetID = D53E0CD72047AAF400DC8759;
					};
				};
			};
			buildConfigurationList = D53E0CD32047AAF400DC8759 /* Build configuration list for PBXProject "SwiftRepositories" */;
			compatibilityVersion = "Xcode 8.0";
			developmentRegion = en;
			hasScannedForEncodings = 0;
			knownRegions = (
				en,
				Base,
			);
			mainGroup = D53E0CCF2047AAF400DC8759;
			productRefGroup = D53E0CD92047AAF400DC8759 /* Products */;
			projectDirPath = "";
			projectRoot = "";
			targets = (
				D53E0CD72047AAF400DC8759 /* SwiftRepositories */,
				D53E0CEE2047AAF500DC8759 /* SwiftRepositoriesTests */,
			);
		};
/* End PBXProject section */

/* Begin PBXResourcesBuildPhase section */
		D53E0CD62047AAF400DC8759 /* Resources */ = {
			isa = PBXResourcesBuildPhase;
			buildActionMask = 2147483647;
			files = (
				D53E0CE92047AAF400DC8759 /* LaunchScreen.storyboard in Resources */,
				D53E0CE62047AAF400DC8759 /* Assets.xcassets in Resources */,
				D53E0CE12047AAF400DC8759 /* Main.storyboard in Resources */,
			);
			runOnlyForDeploymentPostprocessing = 0;
		};
		D53E0CED2047AAF500DC8759 /* Resources */ = {
			isa = PBXResourcesBuildPhase;
			buildActionMask = 2147483647;
			files = (
			);
			runOnlyForDeploymentPostprocessing = 0;
		};
/* End PBXResourcesBuildPhase section */

/* Begin PBXShellScriptBuildPhase section */
		24E5C282C615572CFF7A88E9 /* [CP] Embed Pods Frameworks */ = {
			isa = PBXShellScriptBuildPhase;
			buildActionMask = 2147483647;
			files = (
			);
			inputPaths = (
				"${SRCROOT}/Pods/Target Support Files/Pods-SwiftRepositoriesTests/Pods-SwiftRepositoriesTests-frameworks.sh",
				"${BUILT_PRODUCTS_DIR}/OHHTTPStubs/OHHTTPStubs.framework",
			);
			name = "[CP] Embed Pods Frameworks";
			outputPaths = (
				"${TARGET_BUILD_DIR}/${FRAMEWORKS_FOLDER_PATH}/OHHTTPStubs.framework",
			);
			runOnlyForDeploymentPostprocessing = 0;
			shellPath = /bin/sh;
			shellScript = "\"${SRCROOT}/Pods/Target Support Files/Pods-SwiftRepositoriesTests/Pods-SwiftRepositoriesTests-frameworks.sh\"\n";
			showEnvVarsInLog = 0;
		};
		54EC1639371E6DEC7A9D5316 /* [CP] Embed Pods Frameworks */ = {
			isa = PBXShellScriptBuildPhase;
			buildActionMask = 2147483647;
			files = (
			);
			inputPaths = (
				"${SRCROOT}/Pods/Target Support Files/Pods-SwiftRepositories/Pods-SwiftRepositories-frameworks.sh",
				"${BUILT_PRODUCTS_DIR}/Alamofire/Alamofire.framework",
				"${BUILT_PRODUCTS_DIR}/AlamofireImage/AlamofireImage.framework",
			);
			name = "[CP] Embed Pods Frameworks";
			outputPaths = (
				"${TARGET_BUILD_DIR}/${FRAMEWORKS_FOLDER_PATH}/Alamofire.framework",
				"${TARGET_BUILD_DIR}/${FRAMEWORKS_FOLDER_PATH}/AlamofireImage.framework",
			);
			runOnlyForDeploymentPostprocessing = 0;
			shellPath = /bin/sh;
			shellScript = "\"${SRCROOT}/Pods/Target Support Files/Pods-SwiftRepositories/Pods-SwiftRepositories-frameworks.sh\"\n";
			showEnvVarsInLog = 0;
		};
		7A5A24AFA8F481125F89DF81 /* [CP] Copy Pods Resources */ = {
			isa = PBXShellScriptBuildPhase;
			buildActionMask = 2147483647;
			files = (
			);
			inputPaths = (
			);
			name = "[CP] Copy Pods Resources";
			outputPaths = (
			);
			runOnlyForDeploymentPostprocessing = 0;
			shellPath = /bin/sh;
			shellScript = "\"${SRCROOT}/Pods/Target Support Files/Pods-SwiftRepositories/Pods-SwiftRepositories-resources.sh\"\n";
			showEnvVarsInLog = 0;
		};
		88EC2AA1D9A77CBC73161B89 /* [CP] Check Pods Manifest.lock */ = {
			isa = PBXShellScriptBuildPhase;
			buildActionMask = 2147483647;
			files = (
			);
			inputPaths = (
				"${PODS_PODFILE_DIR_PATH}/Podfile.lock",
				"${PODS_ROOT}/Manifest.lock",
			);
			name = "[CP] Check Pods Manifest.lock";
			outputPaths = (
				"$(DERIVED_FILE_DIR)/Pods-SwiftRepositories-checkManifestLockResult.txt",
			);
			runOnlyForDeploymentPostprocessing = 0;
			shellPath = /bin/sh;
			shellScript = "diff \"${PODS_PODFILE_DIR_PATH}/Podfile.lock\" \"${PODS_ROOT}/Manifest.lock\" > /dev/null\nif [ $? != 0 ] ; then\n    # print error to STDERR\n    echo \"error: The sandbox is not in sync with the Podfile.lock. Run 'pod install' or update your CocoaPods installation.\" >&2\n    exit 1\nfi\n# This output is used by Xcode 'outputs' to avoid re-running this script phase.\necho \"SUCCESS\" > \"${SCRIPT_OUTPUT_FILE_0}\"\n";
			showEnvVarsInLog = 0;
		};
		AD8C9E63A24AD847ACBD947B /* [CP] Check Pods Manifest.lock */ = {
			isa = PBXShellScriptBuildPhase;
			buildActionMask = 2147483647;
			files = (
			);
			inputPaths = (
				"${PODS_PODFILE_DIR_PATH}/Podfile.lock",
				"${PODS_ROOT}/Manifest.lock",
			);
			name = "[CP] Check Pods Manifest.lock";
			outputPaths = (
				"$(DERIVED_FILE_DIR)/Pods-SwiftRepositoriesTests-checkManifestLockResult.txt",
			);
			runOnlyForDeploymentPostprocessing = 0;
			shellPath = /bin/sh;
			shellScript = "diff \"${PODS_PODFILE_DIR_PATH}/Podfile.lock\" \"${PODS_ROOT}/Manifest.lock\" > /dev/null\nif [ $? != 0 ] ; then\n    # print error to STDERR\n    echo \"error: The sandbox is not in sync with the Podfile.lock. Run 'pod install' or update your CocoaPods installation.\" >&2\n    exit 1\nfi\n# This output is used by Xcode 'outputs' to avoid re-running this script phase.\necho \"SUCCESS\" > \"${SCRIPT_OUTPUT_FILE_0}\"\n";
			showEnvVarsInLog = 0;
		};
		F64E2E594716D6E26D126289 /* [CP] Copy Pods Resources */ = {
			isa = PBXShellScriptBuildPhase;
			buildActionMask = 2147483647;
			files = (
			);
			inputPaths = (
			);
			name = "[CP] Copy Pods Resources";
			outputPaths = (
			);
			runOnlyForDeploymentPostprocessing = 0;
			shellPath = /bin/sh;
			shellScript = "\"${SRCROOT}/Pods/Target Support Files/Pods-SwiftRepositoriesTests/Pods-SwiftRepositoriesTests-resources.sh\"\n";
			showEnvVarsInLog = 0;
		};
/* End PBXShellScriptBuildPhase section */

/* Begin PBXSourcesBuildPhase section */
		D53E0CD42047AAF400DC8759 /* Sources */ = {
			isa = PBXSourcesBuildPhase;
			buildActionMask = 2147483647;
			files = (
				D53E0D092047BF3500DC8759 /* AnimatedTransitioningController.swift in Sources */,
				D53E0D162047D39D00DC8759 /* UINavigationController.swift in Sources */,
				D53E0D132047C90000DC8759 /* WebViewController.swift in Sources */,
				D53E0D68204A77CD00DC8759 /* Repository.swift in Sources */,
				D53E0D6E204A7D1800DC8759 /* RepositoryCollectionViewCell.swift in Sources */,
				D53E0D032047B98E00DC8759 /* Constants.swift in Sources */,
				D53E0D70204B45BF00DC8759 /* UIImage.swift in Sources */,
				D53E0D6C204A7C1200DC8759 /* BaseViewController.swift in Sources */,
				D53E0D072047BE8000DC8759 /* RefreshControl.swift in Sources */,
				D53E0D0F2047C87600DC8759 /* RepositoriesViewController.swift in Sources */,
				D53E0D052047BC9F00DC8759 /* Reachability.swift in Sources */,
				D53E0CDC2047AAF400DC8759 /* AppDelegate.swift in Sources */,
				D53E0D112047C88C00DC8759 /* PullRequestsViewController.swift in Sources */,
				D53E0D72204B8AC200DC8759 /* UITabBarController.swift in Sources */,
				D53E0D6A204A792000DC8759 /* RepositoriesViewModel.swift in Sources */,
				D53E0D64204A769F00DC8759 /* CustomGridFlowLayout.swift in Sources */,
				D53E0D66204A773F00DC8759 /* FavoritesViewController.swift in Sources */,
				D53E0D002047B77400DC8759 /* HTTPNetworking.swift in Sources */,
			);
			runOnlyForDeploymentPostprocessing = 0;
		};
		D53E0CEB2047AAF500DC8759 /* Sources */ = {
			isa = PBXSourcesBuildPhase;
			buildActionMask = 2147483647;
			files = (
				D53E0CF42047AAF600DC8759 /* SwiftRepositoriesTests.swift in Sources */,
			);
			runOnlyForDeploymentPostprocessing = 0;
		};
/* End PBXSourcesBuildPhase section */

/* Begin PBXTargetDependency section */
		D53E0CF12047AAF500DC8759 /* PBXTargetDependency */ = {
			isa = PBXTargetDependency;
			target = D53E0CD72047AAF400DC8759 /* SwiftRepositories */;
			targetProxy = D53E0CF02047AAF500DC8759 /* PBXContainerItemProxy */;
		};
/* End PBXTargetDependency section */

/* Begin PBXVariantGroup section */
		D53E0CDF2047AAF400DC8759 /* Main.storyboard */ = {
			isa = PBXVariantGroup;
			children = (
				D53E0CE02047AAF400DC8759 /* Base */,
			);
			name = Main.storyboard;
			sourceTree = "<group>";
		};
		D53E0CE72047AAF400DC8759 /* LaunchScreen.storyboard */ = {
			isa = PBXVariantGroup;
			children = (
				D53E0CE82047AAF400DC8759 /* Base */,
			);
			name = LaunchScreen.storyboard;
			sourceTree = "<group>";
		};
/* End PBXVariantGroup section */

/* Begin XCBuildConfiguration section */
		D53E0CF62047AAF600DC8759 /* Debug */ = {
			isa = XCBuildConfiguration;
			buildSettings = {
				ALWAYS_SEARCH_USER_PATHS = NO;
				CLANG_ANALYZER_NONNULL = YES;
				CLANG_ANALYZER_NUMBER_OBJECT_CONVERSION = YES_AGGRESSIVE;
				CLANG_CXX_LANGUAGE_STANDARD = "gnu++14";
				CLANG_CXX_LIBRARY = "libc++";
				CLANG_ENABLE_MODULES = YES;
				CLANG_ENABLE_OBJC_ARC = YES;
				CLANG_WARN_BLOCK_CAPTURE_AUTORELEASING = YES;
				CLANG_WARN_BOOL_CONVERSION = YES;
				CLANG_WARN_COMMA = YES;
				CLANG_WARN_CONSTANT_CONVERSION = YES;
				CLANG_WARN_DIRECT_OBJC_ISA_USAGE = YES_ERROR;
				CLANG_WARN_DOCUMENTATION_COMMENTS = YES;
				CLANG_WARN_EMPTY_BODY = YES;
				CLANG_WARN_ENUM_CONVERSION = YES;
				CLANG_WARN_INFINITE_RECURSION = YES;
				CLANG_WARN_INT_CONVERSION = YES;
				CLANG_WARN_NON_LITERAL_NULL_CONVERSION = YES;
				CLANG_WARN_OBJC_LITERAL_CONVERSION = YES;
				CLANG_WARN_OBJC_ROOT_CLASS = YES_ERROR;
				CLANG_WARN_RANGE_LOOP_ANALYSIS = YES;
				CLANG_WARN_STRICT_PROTOTYPES = YES;
				CLANG_WARN_SUSPICIOUS_MOVE = YES;
				CLANG_WARN_UNGUARDED_AVAILABILITY = YES_AGGRESSIVE;
				CLANG_WARN_UNREACHABLE_CODE = YES;
				CLANG_WARN__DUPLICATE_METHOD_MATCH = YES;
				CODE_SIGN_IDENTITY = "iPhone Developer";
				COPY_PHASE_STRIP = NO;
				DEBUG_INFORMATION_FORMAT = dwarf;
				ENABLE_STRICT_OBJC_MSGSEND = YES;
				ENABLE_TESTABILITY = YES;
				GCC_C_LANGUAGE_STANDARD = gnu11;
				GCC_DYNAMIC_NO_PIC = NO;
				GCC_NO_COMMON_BLOCKS = YES;
				GCC_OPTIMIZATION_LEVEL = 0;
				GCC_PREPROCESSOR_DEFINITIONS = (
					"DEBUG=1",
					"$(inherited)",
				);
				GCC_WARN_64_TO_32_BIT_CONVERSION = YES;
				GCC_WARN_ABOUT_RETURN_TYPE = YES_ERROR;
				GCC_WARN_UNDECLARED_SELECTOR = YES;
				GCC_WARN_UNINITIALIZED_AUTOS = YES_AGGRESSIVE;
				GCC_WARN_UNUSED_FUNCTION = YES;
				GCC_WARN_UNUSED_VARIABLE = YES;
				IPHONEOS_DEPLOYMENT_TARGET = 11.2;
				MTL_ENABLE_DEBUG_INFO = YES;
				ONLY_ACTIVE_ARCH = YES;
				SDKROOT = iphoneos;
				SWIFT_ACTIVE_COMPILATION_CONDITIONS = DEBUG;
				SWIFT_OPTIMIZATION_LEVEL = "-Onone";
				SWIFT_VERSION = 4.0;
			};
			name = Debug;
		};
		D53E0CF72047AAF600DC8759 /* Release */ = {
			isa = XCBuildConfiguration;
			buildSettings = {
				ALWAYS_SEARCH_USER_PATHS = NO;
				CLANG_ANALYZER_NONNULL = YES;
				CLANG_ANALYZER_NUMBER_OBJECT_CONVERSION = YES_AGGRESSIVE;
				CLANG_CXX_LANGUAGE_STANDARD = "gnu++14";
				CLANG_CXX_LIBRARY = "libc++";
				CLANG_ENABLE_MODULES = YES;
				CLANG_ENABLE_OBJC_ARC = YES;
				CLANG_WARN_BLOCK_CAPTURE_AUTORELEASING = YES;
				CLANG_WARN_BOOL_CONVERSION = YES;
				CLANG_WARN_COMMA = YES;
				CLANG_WARN_CONSTANT_CONVERSION = YES;
				CLANG_WARN_DIRECT_OBJC_ISA_USAGE = YES_ERROR;
				CLANG_WARN_DOCUMENTATION_COMMENTS = YES;
				CLANG_WARN_EMPTY_BODY = YES;
				CLANG_WARN_ENUM_CONVERSION = YES;
				CLANG_WARN_INFINITE_RECURSION = YES;
				CLANG_WARN_INT_CONVERSION = YES;
				CLANG_WARN_NON_LITERAL_NULL_CONVERSION = YES;
				CLANG_WARN_OBJC_LITERAL_CONVERSION = YES;
				CLANG_WARN_OBJC_ROOT_CLASS = YES_ERROR;
				CLANG_WARN_RANGE_LOOP_ANALYSIS = YES;
				CLANG_WARN_STRICT_PROTOTYPES = YES;
				CLANG_WARN_SUSPICIOUS_MOVE = YES;
				CLANG_WARN_UNGUARDED_AVAILABILITY = YES_AGGRESSIVE;
				CLANG_WARN_UNREACHABLE_CODE = YES;
				CLANG_WARN__DUPLICATE_METHOD_MATCH = YES;
				CODE_SIGN_IDENTITY = "iPhone Developer";
				COPY_PHASE_STRIP = NO;
				DEBUG_INFORMATION_FORMAT = "dwarf-with-dsym";
				ENABLE_NS_ASSERTIONS = NO;
				ENABLE_STRICT_OBJC_MSGSEND = YES;
				GCC_C_LANGUAGE_STANDARD = gnu11;
				GCC_NO_COMMON_BLOCKS = YES;
				GCC_WARN_64_TO_32_BIT_CONVERSION = YES;
				GCC_WARN_ABOUT_RETURN_TYPE = YES_ERROR;
				GCC_WARN_UNDECLARED_SELECTOR = YES;
				GCC_WARN_UNINITIALIZED_AUTOS = YES_AGGRESSIVE;
				GCC_WARN_UNUSED_FUNCTION = YES;
				GCC_WARN_UNUSED_VARIABLE = YES;
				IPHONEOS_DEPLOYMENT_TARGET = 11.2;
				MTL_ENABLE_DEBUG_INFO = NO;
				SDKROOT = iphoneos;
				SWIFT_OPTIMIZATION_LEVEL = "-Owholemodule";
				SWIFT_VERSION = 4.0;
				VALIDATE_PRODUCT = YES;
			};
			name = Release;
		};
		D53E0CF92047AAF600DC8759 /* Debug */ = {
			isa = XCBuildConfiguration;
			baseConfigurationReference = 6DABD23873B37EE539497750 /* Pods-SwiftRepositories.debug.xcconfig */;
			buildSettings = {
				API_URL = "https://api.github.com";
				ASSETCATALOG_COMPILER_APPICON_NAME = AppIcon;
				CODE_SIGN_STYLE = Automatic;
				DEVELOPMENT_TEAM = X9MK4PBNUW;
				INFOPLIST_FILE = SwiftRepositories/Info.plist;
				IPHONEOS_DEPLOYMENT_TARGET = 9.0;
				LD_RUNPATH_SEARCH_PATHS = "$(inherited) @executable_path/Frameworks";
				PRODUCT_BUNDLE_IDENTIFIER = com.felipemarino.SwiftRepositories;
				PRODUCT_NAME = "$(TARGET_NAME)";
				SWIFT_VERSION = 4.0;
				TARGETED_DEVICE_FAMILY = "1,2";
			};
			name = Debug;
		};
		D53E0CFA2047AAF600DC8759 /* Release */ = {
			isa = XCBuildConfiguration;
			baseConfigurationReference = 384C75D1A8F0343D3E7CE5BB /* Pods-SwiftRepositories.release.xcconfig */;
			buildSettings = {
				API_URL = "https://api.github.com";
				ASSETCATALOG_COMPILER_APPICON_NAME = AppIcon;
				CODE_SIGN_STYLE = Automatic;
				DEVELOPMENT_TEAM = X9MK4PBNUW;
				INFOPLIST_FILE = SwiftRepositories/Info.plist;
				IPHONEOS_DEPLOYMENT_TARGET = 9.0;
				LD_RUNPATH_SEARCH_PATHS = "$(inherited) @executable_path/Frameworks";
				PRODUCT_BUNDLE_IDENTIFIER = com.felipemarino.SwiftRepositories;
				PRODUCT_NAME = "$(TARGET_NAME)";
				SWIFT_VERSION = 4.0;
				TARGETED_DEVICE_FAMILY = "1,2";
			};
			name = Release;
		};
		D53E0CFC2047AAF600DC8759 /* Debug */ = {
			isa = XCBuildConfiguration;
			baseConfigurationReference = 1DF2E9113EFB7F602A533CFB /* Pods-SwiftRepositoriesTests.debug.xcconfig */;
			buildSettings = {
				ALWAYS_EMBED_SWIFT_STANDARD_LIBRARIES = YES;
				BUNDLE_LOADER = "$(TEST_HOST)";
				CODE_SIGN_STYLE = Automatic;
				DEVELOPMENT_TEAM = X9MK4PBNUW;
				INFOPLIST_FILE = SwiftRepositoriesTests/Info.plist;
				LD_RUNPATH_SEARCH_PATHS = "$(inherited) @executable_path/Frameworks @loader_path/Frameworks";
				PRODUCT_BUNDLE_IDENTIFIER = com.felipemarino.SwiftRepositoriesTests;
				PRODUCT_NAME = "$(TARGET_NAME)";
				SWIFT_VERSION = 4.0;
				TARGETED_DEVICE_FAMILY = "1,2";
				TEST_HOST = "$(BUILT_PRODUCTS_DIR)/SwiftRepositories.app/SwiftRepositories";
			};
			name = Debug;
		};
		D53E0CFD2047AAF600DC8759 /* Release */ = {
			isa = XCBuildConfiguration;
			baseConfigurationReference = 8BF72373E8AFDD18BB1D4605 /* Pods-SwiftRepositoriesTests.release.xcconfig */;
			buildSettings = {
				ALWAYS_EMBED_SWIFT_STANDARD_LIBRARIES = YES;
				BUNDLE_LOADER = "$(TEST_HOST)";
				CODE_SIGN_STYLE = Automatic;
				DEVELOPMENT_TEAM = X9MK4PBNUW;
				INFOPLIST_FILE = SwiftRepositoriesTests/Info.plist;
				LD_RUNPATH_SEARCH_PATHS = "$(inherited) @executable_path/Frameworks @loader_path/Frameworks";
				PRODUCT_BUNDLE_IDENTIFIER = com.felipemarino.SwiftRepositoriesTests;
				PRODUCT_NAME = "$(TARGET_NAME)";
				SWIFT_VERSION = 4.0;
				TARGETED_DEVICE_FAMILY = "1,2";
				TEST_HOST = "$(BUILT_PRODUCTS_DIR)/SwiftRepositories.app/SwiftRepositories";
			};
			name = Release;
		};
/* End XCBuildConfiguration section */

/* Begin XCConfigurationList section */
		D53E0CD32047AAF400DC8759 /* Build configuration list for PBXProject "SwiftRepositories" */ = {
			isa = XCConfigurationList;
			buildConfigurations = (
				D53E0CF62047AAF600DC8759 /* Debug */,
				D53E0CF72047AAF600DC8759 /* Release */,
			);
			defaultConfigurationIsVisible = 0;
			defaultConfigurationName = Release;
		};
		D53E0CF82047AAF600DC8759 /* Build configuration list for PBXNativeTarget "SwiftRepositories" */ = {
			isa = XCConfigurationList;
			buildConfigurations = (
				D53E0CF92047AAF600DC8759 /* Debug */,
				D53E0CFA2047AAF600DC8759 /* Release */,
			);
			defaultConfigurationIsVisible = 0;
			defaultConfigurationName = Release;
		};
		D53E0CFB2047AAF600DC8759 /* Build configuration list for PBXNativeTarget "SwiftRepositoriesTests" */ = {
			isa = XCConfigurationList;
			buildConfigurations = (
				D53E0CFC2047AAF600DC8759 /* Debug */,
				D53E0CFD2047AAF600DC8759 /* Release */,
			);
			defaultConfigurationIsVisible = 0;
			defaultConfigurationName = Release;
		};
/* End XCConfigurationList section */
	};
	rootObject = D53E0CD02047AAF400DC8759 /* Project object */;
}
